// !$*UTF8*$!
{
	archiveVersion = 1;
	classes = {
	};
	objectVersion = 46;
	objects = {

/* Begin PBXBuildFile section */
		16C946E324A22C24A97AFC74 /* libPods-PYQFeedDemo.a in Frameworks */ = {isa = PBXBuildFile; fileRef = B5DFFC20F8E46D8707FA35D5 /* libPods-PYQFeedDemo.a */; };
		876C53041FCAC91800B4920E /* BaseFeedCell.m in Sources */ = {isa = PBXBuildFile; fileRef = 876C52FE1FCAC91700B4920E /* BaseFeedCell.m */; };
		876C53051FCAC91800B4920E /* FeedImageCell.m in Sources */ = {isa = PBXBuildFile; fileRef = 876C52FF1FCAC91700B4920E /* FeedImageCell.m */; };
		876C53061FCAC91800B4920E /* FeedVideoCell.m in Sources */ = {isa = PBXBuildFile; fileRef = 876C53011FCAC91800B4920E /* FeedVideoCell.m */; };
		87907C0B1FCD946D00216861 /* ZPTextLabelViewController.m in Sources */ = {isa = PBXBuildFile; fileRef = 87907C081FCD946C00216861 /* ZPTextLabelViewController.m */; };
		87907C0C1FCD946D00216861 /* ZPFeedViewController.m in Sources */ = {isa = PBXBuildFile; fileRef = 87907C091FCD946C00216861 /* ZPFeedViewController.m */; };
		87DB5C741D3216D9001541B0 /* main.m in Sources */ = {isa = PBXBuildFile; fileRef = 87DB5C731D3216D9001541B0 /* main.m */; };
		87DB5C771D3216D9001541B0 /* AppDelegate.m in Sources */ = {isa = PBXBuildFile; fileRef = 87DB5C761D3216D9001541B0 /* AppDelegate.m */; };
		87DB5C7A1D3216D9001541B0 /* ViewController.m in Sources */ = {isa = PBXBuildFile; fileRef = 87DB5C791D3216D9001541B0 /* ViewController.m */; };
		87DB5C7F1D3216D9001541B0 /* Assets.xcassets in Resources */ = {isa = PBXBuildFile; fileRef = 87DB5C7E1D3216D9001541B0 /* Assets.xcassets */; };
		87DB5CAF1D321710001541B0 /* UIImage+Filter.m in Sources */ = {isa = PBXBuildFile; fileRef = 87DB5C931D321710001541B0 /* UIImage+Filter.m */; };
		87DB5CB01D321710001541B0 /* UIView+frameAdjust.m in Sources */ = {isa = PBXBuildFile; fileRef = 87DB5C951D321710001541B0 /* UIView+frameAdjust.m */; };
		87DB5CB21D321710001541B0 /* VideoDownloadManager.m in Sources */ = {isa = PBXBuildFile; fileRef = 87DB5C9A1D321710001541B0 /* VideoDownloadManager.m */; };
		87DB5CB31D321710001541B0 /* VideoDecodeOperation.m in Sources */ = {isa = PBXBuildFile; fileRef = 87DB5C9D1D321710001541B0 /* VideoDecodeOperation.m */; };
		87DB5CB41D321710001541B0 /* VideoPlayerManager.m in Sources */ = {isa = PBXBuildFile; fileRef = 87DB5C9F1D321710001541B0 /* VideoPlayerManager.m */; };
		87DB5CB51D321710001541B0 /* ZPFileManager.m in Sources */ = {isa = PBXBuildFile; fileRef = 87DB5CA11D321710001541B0 /* ZPFileManager.m */; };
		87DB5CB61D321710001541B0 /* YYFPSLabel.m in Sources */ = {isa = PBXBuildFile; fileRef = 87DB5CA51D321710001541B0 /* YYFPSLabel.m */; };
		87DB5CB71D321710001541B0 /* YYWeakProxy.m in Sources */ = {isa = PBXBuildFile; fileRef = 87DB5CA71D321710001541B0 /* YYWeakProxy.m */; };
		87DB5CB81D321710001541B0 /* SDLayer.m in Sources */ = {isa = PBXBuildFile; fileRef = 87DB5CAA1D321710001541B0 /* SDLayer.m */; };
		87DB5CD51D32198B001541B0 /* EXTADT.m in Sources */ = {isa = PBXBuildFile; fileRef = 87DB5CBE1D32198B001541B0 /* EXTADT.m */; };
		87DB5CD61D32198B001541B0 /* EXTConcreteProtocol.m in Sources */ = {isa = PBXBuildFile; fileRef = 87DB5CC01D32198B001541B0 /* EXTConcreteProtocol.m */; };
		87DB5CD71D32198B001541B0 /* EXTNil.m in Sources */ = {isa = PBXBuildFile; fileRef = 87DB5CC41D32198B001541B0 /* EXTNil.m */; };
		87DB5CD81D32198B001541B0 /* EXTRuntimeExtensions.m in Sources */ = {isa = PBXBuildFile; fileRef = 87DB5CC81D32198B001541B0 /* EXTRuntimeExtensions.m */; };
		87DB5CD91D32198B001541B0 /* EXTSafeCategory.m in Sources */ = {isa = PBXBuildFile; fileRef = 87DB5CCA1D32198B001541B0 /* EXTSafeCategory.m */; };
		87DB5CDA1D32198B001541B0 /* EXTScope.m in Sources */ = {isa = PBXBuildFile; fileRef = 87DB5CCC1D32198B001541B0 /* EXTScope.m */; };
		87DB5CDB1D32198B001541B0 /* EXTSelectorChecking.m in Sources */ = {isa = PBXBuildFile; fileRef = 87DB5CCE1D32198B001541B0 /* EXTSelectorChecking.m */; };
		87DB5CDC1D32198B001541B0 /* NSInvocation+EXT.m in Sources */ = {isa = PBXBuildFile; fileRef = 87DB5CD21D32198B001541B0 /* NSInvocation+EXT.m */; };
		87DB5CDD1D32198B001541B0 /* NSMethodSignature+EXT.m in Sources */ = {isa = PBXBuildFile; fileRef = 87DB5CD41D32198B001541B0 /* NSMethodSignature+EXT.m */; };
		87DB5CDF1D3219FD001541B0 /* data.json in Resources */ = {isa = PBXBuildFile; fileRef = 87DB5CDE1D3219FD001541B0 /* data.json */; };
/* End PBXBuildFile section */

/* Begin PBXFileReference section */
		3E15CCD32379D9867D13393F /* Pods-PYQFeedDemo.release.xcconfig */ = {isa = PBXFileReference; includeInIndex = 1; lastKnownFileType = text.xcconfig; name = "Pods-PYQFeedDemo.release.xcconfig"; path = "Pods/Target Support Files/Pods-PYQFeedDemo/Pods-PYQFeedDemo.release.xcconfig"; sourceTree = "<group>"; };
		876C52FE1FCAC91700B4920E /* BaseFeedCell.m */ = {isa = PBXFileReference; fileEncoding = 4; lastKnownFileType = sourcecode.c.objc; path = BaseFeedCell.m; sourceTree = "<group>"; };
		876C52FF1FCAC91700B4920E /* FeedImageCell.m */ = {isa = PBXFileReference; fileEncoding = 4; lastKnownFileType = sourcecode.c.objc; path = FeedImageCell.m; sourceTree = "<group>"; };
		876C53001FCAC91800B4920E /* FeedVideoCell.h */ = {isa = PBXFileReference; fileEncoding = 4; lastKnownFileType = sourcecode.c.h; path = FeedVideoCell.h; sourceTree = "<group>"; };
		876C53011FCAC91800B4920E /* FeedVideoCell.m */ = {isa = PBXFileReference; fileEncoding = 4; lastKnownFileType = sourcecode.c.objc; path = FeedVideoCell.m; sourceTree = "<group>"; };
		876C53021FCAC91800B4920E /* FeedImageCell.h */ = {isa = PBXFileReference; fileEncoding = 4; lastKnownFileType = sourcecode.c.h; path = FeedImageCell.h; sourceTree = "<group>"; };
		876C53031FCAC91800B4920E /* BaseFeedCell.h */ = {isa = PBXFileReference; fileEncoding = 4; lastKnownFileType = sourcecode.c.h; path = BaseFeedCell.h; sourceTree = "<group>"; };
		87907C071FCD946C00216861 /* ZPFeedViewController.h */ = {isa = PBXFileReference; fileEncoding = 4; lastKnownFileType = sourcecode.c.h; path = ZPFeedViewController.h; sourceTree = "<group>"; };
		87907C081FCD946C00216861 /* ZPTextLabelViewController.m */ = {isa = PBXFileReference; fileEncoding = 4; lastKnownFileType = sourcecode.c.objc; path = ZPTextLabelViewController.m; sourceTree = "<group>"; };
		87907C091FCD946C00216861 /* ZPFeedViewController.m */ = {isa = PBXFileReference; fileEncoding = 4; lastKnownFileType = sourcecode.c.objc; path = ZPFeedViewController.m; sourceTree = "<group>"; };
		87907C0A1FCD946C00216861 /* ZPTextLabelViewController.h */ = {isa = PBXFileReference; fileEncoding = 4; lastKnownFileType = sourcecode.c.h; path = ZPTextLabelViewController.h; sourceTree = "<group>"; };
		87DB5C6F1D3216D9001541B0 /* PYQFeedDemo.app */ = {isa = PBXFileReference; explicitFileType = wrapper.application; includeInIndex = 0; path = PYQFeedDemo.app; sourceTree = BUILT_PRODUCTS_DIR; };
		87DB5C731D3216D9001541B0 /* main.m */ = {isa = PBXFileReference; lastKnownFileType = sourcecode.c.objc; path = main.m; sourceTree = "<group>"; };
		87DB5C751D3216D9001541B0 /* AppDelegate.h */ = {isa = PBXFileReference; lastKnownFileType = sourcecode.c.h; path = AppDelegate.h; sourceTree = "<group>"; };
		87DB5C761D3216D9001541B0 /* AppDelegate.m */ = {isa = PBXFileReference; lastKnownFileType = sourcecode.c.objc; path = AppDelegate.m; sourceTree = "<group>"; };
		87DB5C781D3216D9001541B0 /* ViewController.h */ = {isa = PBXFileReference; lastKnownFileType = sourcecode.c.h; path = ViewController.h; sourceTree = "<group>"; };
		87DB5C791D3216D9001541B0 /* ViewController.m */ = {isa = PBXFileReference; lastKnownFileType = sourcecode.c.objc; path = ViewController.m; sourceTree = "<group>"; };
		87DB5C7E1D3216D9001541B0 /* Assets.xcassets */ = {isa = PBXFileReference; lastKnownFileType = folder.assetcatalog; path = Assets.xcassets; sourceTree = "<group>"; };
		87DB5C831D3216D9001541B0 /* Info.plist */ = {isa = PBXFileReference; lastKnownFileType = text.plist.xml; path = Info.plist; sourceTree = "<group>"; };
		87DB5C921D321710001541B0 /* UIImage+Filter.h */ = {isa = PBXFileReference; fileEncoding = 4; lastKnownFileType = sourcecode.c.h; path = "UIImage+Filter.h"; sourceTree = "<group>"; };
		87DB5C931D321710001541B0 /* UIImage+Filter.m */ = {isa = PBXFileReference; fileEncoding = 4; lastKnownFileType = sourcecode.c.objc; path = "UIImage+Filter.m"; sourceTree = "<group>"; };
		87DB5C941D321710001541B0 /* UIView+frameAdjust.h */ = {isa = PBXFileReference; fileEncoding = 4; lastKnownFileType = sourcecode.c.h; path = "UIView+frameAdjust.h"; sourceTree = "<group>"; };
		87DB5C951D321710001541B0 /* UIView+frameAdjust.m */ = {isa = PBXFileReference; fileEncoding = 4; lastKnownFileType = sourcecode.c.objc; path = "UIView+frameAdjust.m"; sourceTree = "<group>"; };
		87DB5C991D321710001541B0 /* VideoDownloadManager.h */ = {isa = PBXFileReference; fileEncoding = 4; lastKnownFileType = sourcecode.c.h; path = VideoDownloadManager.h; sourceTree = "<group>"; };
		87DB5C9A1D321710001541B0 /* VideoDownloadManager.m */ = {isa = PBXFileReference; fileEncoding = 4; lastKnownFileType = sourcecode.c.objc; path = VideoDownloadManager.m; sourceTree = "<group>"; };
		87DB5C9C1D321710001541B0 /* VideoDecodeOperation.h */ = {isa = PBXFileReference; fileEncoding = 4; lastKnownFileType = sourcecode.c.h; path = VideoDecodeOperation.h; sourceTree = "<group>"; };
		87DB5C9D1D321710001541B0 /* VideoDecodeOperation.m */ = {isa = PBXFileReference; fileEncoding = 4; lastKnownFileType = sourcecode.c.objc; path = VideoDecodeOperation.m; sourceTree = "<group>"; };
		87DB5C9E1D321710001541B0 /* VideoPlayerManager.h */ = {isa = PBXFileReference; fileEncoding = 4; lastKnownFileType = sourcecode.c.h; path = VideoPlayerManager.h; sourceTree = "<group>"; };
		87DB5C9F1D321710001541B0 /* VideoPlayerManager.m */ = {isa = PBXFileReference; fileEncoding = 4; lastKnownFileType = sourcecode.c.objc; path = VideoPlayerManager.m; sourceTree = "<group>"; };
		87DB5CA01D321710001541B0 /* ZPFileManager.h */ = {isa = PBXFileReference; fileEncoding = 4; lastKnownFileType = sourcecode.c.h; path = ZPFileManager.h; sourceTree = "<group>"; };
		87DB5CA11D321710001541B0 /* ZPFileManager.m */ = {isa = PBXFileReference; fileEncoding = 4; lastKnownFileType = sourcecode.c.objc; path = ZPFileManager.m; sourceTree = "<group>"; };
		87DB5CA41D321710001541B0 /* YYFPSLabel.h */ = {isa = PBXFileReference; fileEncoding = 4; lastKnownFileType = sourcecode.c.h; path = YYFPSLabel.h; sourceTree = "<group>"; };
		87DB5CA51D321710001541B0 /* YYFPSLabel.m */ = {isa = PBXFileReference; fileEncoding = 4; lastKnownFileType = sourcecode.c.objc; path = YYFPSLabel.m; sourceTree = "<group>"; };
		87DB5CA61D321710001541B0 /* YYWeakProxy.h */ = {isa = PBXFileReference; fileEncoding = 4; lastKnownFileType = sourcecode.c.h; path = YYWeakProxy.h; sourceTree = "<group>"; };
		87DB5CA71D321710001541B0 /* YYWeakProxy.m */ = {isa = PBXFileReference; fileEncoding = 4; lastKnownFileType = sourcecode.c.objc; path = YYWeakProxy.m; sourceTree = "<group>"; };
		87DB5CA91D321710001541B0 /* SDLayer.h */ = {isa = PBXFileReference; fileEncoding = 4; lastKnownFileType = sourcecode.c.h; path = SDLayer.h; sourceTree = "<group>"; };
		87DB5CAA1D321710001541B0 /* SDLayer.m */ = {isa = PBXFileReference; fileEncoding = 4; lastKnownFileType = sourcecode.c.objc; path = SDLayer.m; sourceTree = "<group>"; };
		87DB5CBA1D3217CC001541B0 /* PYQFeedDemo-Prefix.pch */ = {isa = PBXFileReference; lastKnownFileType = sourcecode.c.h; path = "PYQFeedDemo-Prefix.pch"; sourceTree = "<group>"; };
		87DB5CBD1D32198B001541B0 /* EXTADT.h */ = {isa = PBXFileReference; fileEncoding = 4; lastKnownFileType = sourcecode.c.h; path = EXTADT.h; sourceTree = "<group>"; };
		87DB5CBE1D32198B001541B0 /* EXTADT.m */ = {isa = PBXFileReference; fileEncoding = 4; lastKnownFileType = sourcecode.c.objc; path = EXTADT.m; sourceTree = "<group>"; };
		87DB5CBF1D32198B001541B0 /* EXTConcreteProtocol.h */ = {isa = PBXFileReference; fileEncoding = 4; lastKnownFileType = sourcecode.c.h; path = EXTConcreteProtocol.h; sourceTree = "<group>"; };
		87DB5CC01D32198B001541B0 /* EXTConcreteProtocol.m */ = {isa = PBXFileReference; fileEncoding = 4; lastKnownFileType = sourcecode.c.objc; path = EXTConcreteProtocol.m; sourceTree = "<group>"; };
		87DB5CC11D32198B001541B0 /* EXTCoroutine.h */ = {isa = PBXFileReference; fileEncoding = 4; lastKnownFileType = sourcecode.c.h; path = EXTCoroutine.h; sourceTree = "<group>"; };
		87DB5CC21D32198B001541B0 /* EXTKeyPathCoding.h */ = {isa = PBXFileReference; fileEncoding = 4; lastKnownFileType = sourcecode.c.h; path = EXTKeyPathCoding.h; sourceTree = "<group>"; };
		87DB5CC31D32198B001541B0 /* EXTNil.h */ = {isa = PBXFileReference; fileEncoding = 4; lastKnownFileType = sourcecode.c.h; path = EXTNil.h; sourceTree = "<group>"; };
		87DB5CC41D32198B001541B0 /* EXTNil.m */ = {isa = PBXFileReference; fileEncoding = 4; lastKnownFileType = sourcecode.c.objc; path = EXTNil.m; sourceTree = "<group>"; };
		87DB5CC51D32198B001541B0 /* extobjc.h */ = {isa = PBXFileReference; fileEncoding = 4; lastKnownFileType = sourcecode.c.h; path = extobjc.h; sourceTree = "<group>"; };
		87DB5CC61D32198B001541B0 /* extobjc_Prefix.pch */ = {isa = PBXFileReference; fileEncoding = 4; lastKnownFileType = sourcecode.c.h; path = extobjc_Prefix.pch; sourceTree = "<group>"; };
		87DB5CC71D32198B001541B0 /* EXTRuntimeExtensions.h */ = {isa = PBXFileReference; fileEncoding = 4; lastKnownFileType = sourcecode.c.h; path = EXTRuntimeExtensions.h; sourceTree = "<group>"; };
		87DB5CC81D32198B001541B0 /* EXTRuntimeExtensions.m */ = {isa = PBXFileReference; fileEncoding = 4; lastKnownFileType = sourcecode.c.objc; path = EXTRuntimeExtensions.m; sourceTree = "<group>"; };
		87DB5CC91D32198B001541B0 /* EXTSafeCategory.h */ = {isa = PBXFileReference; fileEncoding = 4; lastKnownFileType = sourcecode.c.h; path = EXTSafeCategory.h; sourceTree = "<group>"; };
		87DB5CCA1D32198B001541B0 /* EXTSafeCategory.m */ = {isa = PBXFileReference; fileEncoding = 4; lastKnownFileType = sourcecode.c.objc; path = EXTSafeCategory.m; sourceTree = "<group>"; };
		87DB5CCB1D32198B001541B0 /* EXTScope.h */ = {isa = PBXFileReference; fileEncoding = 4; lastKnownFileType = sourcecode.c.h; path = EXTScope.h; sourceTree = "<group>"; };
		87DB5CCC1D32198B001541B0 /* EXTScope.m */ = {isa = PBXFileReference; fileEncoding = 4; lastKnownFileType = sourcecode.c.objc; path = EXTScope.m; sourceTree = "<group>"; };
		87DB5CCD1D32198B001541B0 /* EXTSelectorChecking.h */ = {isa = PBXFileReference; fileEncoding = 4; lastKnownFileType = sourcecode.c.h; path = EXTSelectorChecking.h; sourceTree = "<group>"; };
		87DB5CCE1D32198B001541B0 /* EXTSelectorChecking.m */ = {isa = PBXFileReference; fileEncoding = 4; lastKnownFileType = sourcecode.c.objc; path = EXTSelectorChecking.m; sourceTree = "<group>"; };
		87DB5CCF1D32198B001541B0 /* EXTSynthesize.h */ = {isa = PBXFileReference; fileEncoding = 4; lastKnownFileType = sourcecode.c.h; path = EXTSynthesize.h; sourceTree = "<group>"; };
		87DB5CD01D32198B001541B0 /* metamacros.h */ = {isa = PBXFileReference; fileEncoding = 4; lastKnownFileType = sourcecode.c.h; path = metamacros.h; sourceTree = "<group>"; };
		87DB5CD11D32198B001541B0 /* NSInvocation+EXT.h */ = {isa = PBXFileReference; fileEncoding = 4; lastKnownFileType = sourcecode.c.h; path = "NSInvocation+EXT.h"; sourceTree = "<group>"; };
		87DB5CD21D32198B001541B0 /* NSInvocation+EXT.m */ = {isa = PBXFileReference; fileEncoding = 4; lastKnownFileType = sourcecode.c.objc; path = "NSInvocation+EXT.m"; sourceTree = "<group>"; };
		87DB5CD31D32198B001541B0 /* NSMethodSignature+EXT.h */ = {isa = PBXFileReference; fileEncoding = 4; lastKnownFileType = sourcecode.c.h; path = "NSMethodSignature+EXT.h"; sourceTree = "<group>"; };
		87DB5CD41D32198B001541B0 /* NSMethodSignature+EXT.m */ = {isa = PBXFileReference; fileEncoding = 4; lastKnownFileType = sourcecode.c.objc; path = "NSMethodSignature+EXT.m"; sourceTree = "<group>"; };
		87DB5CDE1D3219FD001541B0 /* data.json */ = {isa = PBXFileReference; fileEncoding = 4; lastKnownFileType = text.json; path = data.json; sourceTree = "<group>"; };
		8DAA8EA915DCA99AB5B31582 /* Pods-PYQFeedDemo.debug.xcconfig */ = {isa = PBXFileReference; includeInIndex = 1; lastKnownFileType = text.xcconfig; name = "Pods-PYQFeedDemo.debug.xcconfig"; path = "Pods/Target Support Files/Pods-PYQFeedDemo/Pods-PYQFeedDemo.debug.xcconfig"; sourceTree = "<group>"; };
		B5DFFC20F8E46D8707FA35D5 /* libPods-PYQFeedDemo.a */ = {isa = PBXFileReference; explicitFileType = archive.ar; includeInIndex = 0; path = "libPods-PYQFeedDemo.a"; sourceTree = BUILT_PRODUCTS_DIR; };
/* End PBXFileReference section */

/* Begin PBXFrameworksBuildPhase section */
		87DB5C6C1D3216D9001541B0 /* Frameworks */ = {
			isa = PBXFrameworksBuildPhase;
			buildActionMask = 2147483647;
			files = (
				16C946E324A22C24A97AFC74 /* libPods-PYQFeedDemo.a in Frameworks */,
			);
			runOnlyForDeploymentPostprocessing = 0;
		};
/* End PBXFrameworksBuildPhase section */

/* Begin PBXGroup section */
		87DB5C661D3216D9001541B0 = {
			isa = PBXGroup;
			children = (
				87DB5C711D3216D9001541B0 /* PYQFeedDemo */,
				87DB5C701D3216D9001541B0 /* Products */,
				EC72B7A0C02F5D8300E3F742 /* Pods */,
				D5F42A55CAF55D2CE4C5648C /* Frameworks */,
			);
			sourceTree = "<group>";
		};
		87DB5C701D3216D9001541B0 /* Products */ = {
			isa = PBXGroup;
			children = (
				87DB5C6F1D3216D9001541B0 /* PYQFeedDemo.app */,
			);
			name = Products;
			sourceTree = "<group>";
		};
		87DB5C711D3216D9001541B0 /* PYQFeedDemo */ = {
			isa = PBXGroup;
			children = (
				87DB5CBB1D32198B001541B0 /* ThirdParty */,
				87DB5C8E1D321710001541B0 /* Modal */,
				87DB5C8A1D3216FE001541B0 /* View */,
				87DB5C751D3216D9001541B0 /* AppDelegate.h */,
				87DB5C761D3216D9001541B0 /* AppDelegate.m */,
				87DB5C781D3216D9001541B0 /* ViewController.h */,
				87DB5C791D3216D9001541B0 /* ViewController.m */,
				87907C071FCD946C00216861 /* ZPFeedViewController.h */,
				87907C091FCD946C00216861 /* ZPFeedViewController.m */,
				87907C0A1FCD946C00216861 /* ZPTextLabelViewController.h */,
				87907C081FCD946C00216861 /* ZPTextLabelViewController.m */,
				87DB5C7E1D3216D9001541B0 /* Assets.xcassets */,
				87DB5C831D3216D9001541B0 /* Info.plist */,
				87DB5C721D3216D9001541B0 /* Supporting Files */,
				87DB5CBA1D3217CC001541B0 /* PYQFeedDemo-Prefix.pch */,
			);
			path = PYQFeedDemo;
			sourceTree = "<group>";
		};
		87DB5C721D3216D9001541B0 /* Supporting Files */ = {
			isa = PBXGroup;
			children = (
				87DB5CDE1D3219FD001541B0 /* data.json */,
				87DB5C731D3216D9001541B0 /* main.m */,
			);
			name = "Supporting Files";
			sourceTree = "<group>";
		};
		87DB5C8A1D3216FE001541B0 /* View */ = {
			isa = PBXGroup;
			children = (
				876C53031FCAC91800B4920E /* BaseFeedCell.h */,
				876C52FE1FCAC91700B4920E /* BaseFeedCell.m */,
				876C53021FCAC91800B4920E /* FeedImageCell.h */,
				876C52FF1FCAC91700B4920E /* FeedImageCell.m */,
				876C53001FCAC91800B4920E /* FeedVideoCell.h */,
				876C53011FCAC91800B4920E /* FeedVideoCell.m */,
			);
			path = View;
			sourceTree = "<group>";
		};
		87DB5C8E1D321710001541B0 /* Modal */ = {
			isa = PBXGroup;
			children = (
				87DB5C8F1D321710001541B0 /* Categroy */,
				87DB5C961D321710001541B0 /* Manager */,
				87DB5CA21D321710001541B0 /* Util */,
			);
			path = Modal;
			sourceTree = "<group>";
		};
		87DB5C8F1D321710001541B0 /* Categroy */ = {
			isa = PBXGroup;
			children = (
				87DB5C921D321710001541B0 /* UIImage+Filter.h */,
				87DB5C931D321710001541B0 /* UIImage+Filter.m */,
				87DB5C941D321710001541B0 /* UIView+frameAdjust.h */,
				87DB5C951D321710001541B0 /* UIView+frameAdjust.m */,
			);
			path = Categroy;
			sourceTree = "<group>";
		};
		87DB5C961D321710001541B0 /* Manager */ = {
			isa = PBXGroup;
			children = (
				87DB5C991D321710001541B0 /* VideoDownloadManager.h */,
				87DB5C9A1D321710001541B0 /* VideoDownloadManager.m */,
				87DB5C9B1D321710001541B0 /* VideoPlayer */,
				87DB5CA01D321710001541B0 /* ZPFileManager.h */,
				87DB5CA11D321710001541B0 /* ZPFileManager.m */,
			);
			path = Manager;
			sourceTree = "<group>";
		};
		87DB5C9B1D321710001541B0 /* VideoPlayer */ = {
			isa = PBXGroup;
			children = (
				87DB5C9C1D321710001541B0 /* VideoDecodeOperation.h */,
				87DB5C9D1D321710001541B0 /* VideoDecodeOperation.m */,
				87DB5C9E1D321710001541B0 /* VideoPlayerManager.h */,
				87DB5C9F1D321710001541B0 /* VideoPlayerManager.m */,
			);
			path = VideoPlayer;
			sourceTree = "<group>";
		};
		87DB5CA21D321710001541B0 /* Util */ = {
			isa = PBXGroup;
			children = (
				87DB5CA31D321710001541B0 /* FPSUtil */,
				87DB5CA81D321710001541B0 /* LayerUtil */,
			);
			path = Util;
			sourceTree = "<group>";
		};
		87DB5CA31D321710001541B0 /* FPSUtil */ = {
			isa = PBXGroup;
			children = (
				87DB5CA41D321710001541B0 /* YYFPSLabel.h */,
				87DB5CA51D321710001541B0 /* YYFPSLabel.m */,
				87DB5CA61D321710001541B0 /* YYWeakProxy.h */,
				87DB5CA71D321710001541B0 /* YYWeakProxy.m */,
			);
			path = FPSUtil;
			sourceTree = "<group>";
		};
		87DB5CA81D321710001541B0 /* LayerUtil */ = {
			isa = PBXGroup;
			children = (
				87DB5CA91D321710001541B0 /* SDLayer.h */,
				87DB5CAA1D321710001541B0 /* SDLayer.m */,
			);
			path = LayerUtil;
			sourceTree = "<group>";
		};
		87DB5CBB1D32198B001541B0 /* ThirdParty */ = {
			isa = PBXGroup;
			children = (
				87DB5CBC1D32198B001541B0 /* extobjc */,
			);
			path = ThirdParty;
			sourceTree = "<group>";
		};
		87DB5CBC1D32198B001541B0 /* extobjc */ = {
			isa = PBXGroup;
			children = (
				87DB5CBD1D32198B001541B0 /* EXTADT.h */,
				87DB5CBE1D32198B001541B0 /* EXTADT.m */,
				87DB5CBF1D32198B001541B0 /* EXTConcreteProtocol.h */,
				87DB5CC01D32198B001541B0 /* EXTConcreteProtocol.m */,
				87DB5CC11D32198B001541B0 /* EXTCoroutine.h */,
				87DB5CC21D32198B001541B0 /* EXTKeyPathCoding.h */,
				87DB5CC31D32198B001541B0 /* EXTNil.h */,
				87DB5CC41D32198B001541B0 /* EXTNil.m */,
				87DB5CC51D32198B001541B0 /* extobjc.h */,
				87DB5CC61D32198B001541B0 /* extobjc_Prefix.pch */,
				87DB5CC71D32198B001541B0 /* EXTRuntimeExtensions.h */,
				87DB5CC81D32198B001541B0 /* EXTRuntimeExtensions.m */,
				87DB5CC91D32198B001541B0 /* EXTSafeCategory.h */,
				87DB5CCA1D32198B001541B0 /* EXTSafeCategory.m */,
				87DB5CCB1D32198B001541B0 /* EXTScope.h */,
				87DB5CCC1D32198B001541B0 /* EXTScope.m */,
				87DB5CCD1D32198B001541B0 /* EXTSelectorChecking.h */,
				87DB5CCE1D32198B001541B0 /* EXTSelectorChecking.m */,
				87DB5CCF1D32198B001541B0 /* EXTSynthesize.h */,
				87DB5CD01D32198B001541B0 /* metamacros.h */,
				87DB5CD11D32198B001541B0 /* NSInvocation+EXT.h */,
				87DB5CD21D32198B001541B0 /* NSInvocation+EXT.m */,
				87DB5CD31D32198B001541B0 /* NSMethodSignature+EXT.h */,
				87DB5CD41D32198B001541B0 /* NSMethodSignature+EXT.m */,
			);
			path = extobjc;
			sourceTree = "<group>";
		};
		D5F42A55CAF55D2CE4C5648C /* Frameworks */ = {
			isa = PBXGroup;
			children = (
				B5DFFC20F8E46D8707FA35D5 /* libPods-PYQFeedDemo.a */,
			);
			name = Frameworks;
			sourceTree = "<group>";
		};
		EC72B7A0C02F5D8300E3F742 /* Pods */ = {
			isa = PBXGroup;
			children = (
				8DAA8EA915DCA99AB5B31582 /* Pods-PYQFeedDemo.debug.xcconfig */,
				3E15CCD32379D9867D13393F /* Pods-PYQFeedDemo.release.xcconfig */,
			);
			name = Pods;
			sourceTree = "<group>";
		};
/* End PBXGroup section */

/* Begin PBXNativeTarget section */
		87DB5C6E1D3216D9001541B0 /* PYQFeedDemo */ = {
			isa = PBXNativeTarget;
			buildConfigurationList = 87DB5C861D3216D9001541B0 /* Build configuration list for PBXNativeTarget "PYQFeedDemo" */;
			buildPhases = (
				408973820F46EFCEE9FCD82C /* [CP] Check Pods Manifest.lock */,
				87DB5C6B1D3216D9001541B0 /* Sources */,
				87DB5C6C1D3216D9001541B0 /* Frameworks */,
				87DB5C6D1D3216D9001541B0 /* Resources */,
				776941350C1736556A5F5954 /* [CP] Embed Pods Frameworks */,
				B3D2825A0C47ED7F29179B79 /* [CP] Copy Pods Resources */,
			);
			buildRules = (
			);
			dependencies = (
			);
			name = PYQFeedDemo;
			productName = PYQFeedDemo;
			productReference = 87DB5C6F1D3216D9001541B0 /* PYQFeedDemo.app */;
			productType = "com.apple.product-type.application";
		};
/* End PBXNativeTarget section */

/* Begin PBXProject section */
		87DB5C671D3216D9001541B0 /* Project object */ = {
			isa = PBXProject;
			attributes = {
				LastUpgradeCheck = 0730;
				ORGANIZATIONNAME = "陈浩";
				TargetAttributes = {
					87DB5C6E1D3216D9001541B0 = {
						CreatedOnToolsVersion = 7.3.1;
						DevelopmentTeam = Q8BCA5W542;
					};
				};
			};
			buildConfigurationList = 87DB5C6A1D3216D9001541B0 /* Build configuration list for PBXProject "PYQFeedDemo" */;
			compatibilityVersion = "Xcode 3.2";
			developmentRegion = English;
			hasScannedForEncodings = 0;
			knownRegions = (
				en,
				Base,
			);
			mainGroup = 87DB5C661D3216D9001541B0;
			productRefGroup = 87DB5C701D3216D9001541B0 /* Products */;
			projectDirPath = "";
			projectRoot = "";
			targets = (
				87DB5C6E1D3216D9001541B0 /* PYQFeedDemo */,
			);
		};
/* End PBXProject section */

/* Begin PBXResourcesBuildPhase section */
		87DB5C6D1D3216D9001541B0 /* Resources */ = {
			isa = PBXResourcesBuildPhase;
			buildActionMask = 2147483647;
			files = (
				87DB5C7F1D3216D9001541B0 /* Assets.xcassets in Resources */,
				87DB5CDF1D3219FD001541B0 /* data.json in Resources */,
			);
			runOnlyForDeploymentPostprocessing = 0;
		};
/* End PBXResourcesBuildPhase section */

/* Begin PBXShellScriptBuildPhase section */
		408973820F46EFCEE9FCD82C /* [CP] Check Pods Manifest.lock */ = {
			isa = PBXShellScriptBuildPhase;
			buildActionMask = 2147483647;
			files = (
			);
			inputPaths = (
				"${PODS_PODFILE_DIR_PATH}/Podfile.lock",
				"${PODS_ROOT}/Manifest.lock",
			);
			name = "[CP] Check Pods Manifest.lock";
			outputPaths = (
				"$(DERIVED_FILE_DIR)/Pods-PYQFeedDemo-checkManifestLockResult.txt",
			);
			runOnlyForDeploymentPostprocessing = 0;
			shellPath = /bin/sh;
			shellScript = "diff \"${PODS_PODFILE_DIR_PATH}/Podfile.lock\" \"${PODS_ROOT}/Manifest.lock\" > /dev/null\nif [ $? != 0 ] ; then\n    # print error to STDERR\n    echo \"error: The sandbox is not in sync with the Podfile.lock. Run 'pod install' or update your CocoaPods installation.\" >&2\n    exit 1\nfi\n# This output is used by Xcode 'outputs' to avoid re-running this script phase.\necho \"SUCCESS\" > \"${SCRIPT_OUTPUT_FILE_0}\"\n";
			showEnvVarsInLog = 0;
		};
		776941350C1736556A5F5954 /* [CP] Embed Pods Frameworks */ = {
			isa = PBXShellScriptBuildPhase;
			buildActionMask = 2147483647;
			files = (
			);
			inputPaths = (
			);
			name = "[CP] Embed Pods Frameworks";
			outputPaths = (
			);
			runOnlyForDeploymentPostprocessing = 0;
			shellPath = /bin/sh;
			shellScript = "\"${SRCROOT}/Pods/Target Support Files/Pods-PYQFeedDemo/Pods-PYQFeedDemo-frameworks.sh\"\n";
			showEnvVarsInLog = 0;
		};
		B3D2825A0C47ED7F29179B79 /* [CP] Copy Pods Resources */ = {
			isa = PBXShellScriptBuildPhase;
			buildActionMask = 2147483647;
			files = (
			);
			inputPaths = (
			);
			name = "[CP] Copy Pods Resources";
			outputPaths = (
			);
			runOnlyForDeploymentPostprocessing = 0;
			shellPath = /bin/sh;
			shellScript = "\"${SRCROOT}/Pods/Target Support Files/Pods-PYQFeedDemo/Pods-PYQFeedDemo-resources.sh\"\n";
			showEnvVarsInLog = 0;
		};
/* End PBXShellScriptBuildPhase section */

/* Begin PBXSourcesBuildPhase section */
		87DB5C6B1D3216D9001541B0 /* Sources */ = {
			isa = PBXSourcesBuildPhase;
			buildActionMask = 2147483647;
			files = (
				87907C0B1FCD946D00216861 /* ZPTextLabelViewController.m in Sources */,
				87DB5C7A1D3216D9001541B0 /* ViewController.m in Sources */,
				876C53051FCAC91800B4920E /* FeedImageCell.m in Sources */,
				87DB5CB31D321710001541B0 /* VideoDecodeOperation.m in Sources */,
				87DB5CD61D32198B001541B0 /* EXTConcreteProtocol.m in Sources */,
				87DB5CB01D321710001541B0 /* UIView+frameAdjust.m in Sources */,
				876C53061FCAC91800B4920E /* FeedVideoCell.m in Sources */,
				87DB5CB81D321710001541B0 /* SDLayer.m in Sources */,
				87DB5CB51D321710001541B0 /* ZPFileManager.m in Sources */,
				87DB5CD91D32198B001541B0 /* EXTSafeCategory.m in Sources */,
				87DB5CD81D32198B001541B0 /* EXTRuntimeExtensions.m in Sources */,
				876C53041FCAC91800B4920E /* BaseFeedCell.m in Sources */,
				87907C0C1FCD946D00216861 /* ZPFeedViewController.m in Sources */,
				87DB5CD51D32198B001541B0 /* EXTADT.m in Sources */,
				87DB5CDD1D32198B001541B0 /* NSMethodSignature+EXT.m in Sources */,
				87DB5CDA1D32198B001541B0 /* EXTScope.m in Sources */,
				87DB5C771D3216D9001541B0 /* AppDelegate.m in Sources */,
				87DB5CB41D321710001541B0 /* VideoPlayerManager.m in Sources */,
				87DB5CB71D321710001541B0 /* YYWeakProxy.m in Sources */,
				87DB5CDB1D32198B001541B0 /* EXTSelectorChecking.m in Sources */,
				87DB5CB61D321710001541B0 /* YYFPSLabel.m in Sources */,
				87DB5C741D3216D9001541B0 /* main.m in Sources */,
				87DB5CDC1D32198B001541B0 /* NSInvocation+EXT.m in Sources */,
				87DB5CB21D321710001541B0 /* VideoDownloadManager.m in Sources */,
				87DB5CAF1D321710001541B0 /* UIImage+Filter.m in Sources */,
				87DB5CD71D32198B001541B0 /* EXTNil.m in Sources */,
			);
			runOnlyForDeploymentPostprocessing = 0;
		};
/* End PBXSourcesBuildPhase section */

/* Begin XCBuildConfiguration section */
		87DB5C841D3216D9001541B0 /* Debug */ = {
			isa = XCBuildConfiguration;
			buildSettings = {
				ALWAYS_SEARCH_USER_PATHS = NO;
				CLANG_ANALYZER_NONNULL = YES;
				CLANG_CXX_LANGUAGE_STANDARD = "gnu++0x";
				CLANG_CXX_LIBRARY = "libc++";
				CLANG_ENABLE_MODULES = YES;
				CLANG_ENABLE_OBJC_ARC = YES;
				CLANG_WARN_BOOL_CONVERSION = YES;
				CLANG_WARN_CONSTANT_CONVERSION = YES;
				CLANG_WARN_DIRECT_OBJC_ISA_USAGE = YES_ERROR;
				CLANG_WARN_EMPTY_BODY = YES;
				CLANG_WARN_ENUM_CONVERSION = YES;
				CLANG_WARN_INT_CONVERSION = YES;
				CLANG_WARN_OBJC_ROOT_CLASS = YES_ERROR;
				CLANG_WARN_UNREACHABLE_CODE = YES;
				CLANG_WARN__DUPLICATE_METHOD_MATCH = YES;
				"CODE_SIGN_IDENTITY[sdk=iphoneos*]" = "iPhone Developer";
				COPY_PHASE_STRIP = NO;
				DEBUG_INFORMATION_FORMAT = dwarf;
				ENABLE_STRICT_OBJC_MSGSEND = YES;
				ENABLE_TESTABILITY = YES;
				GCC_C_LANGUAGE_STANDARD = gnu99;
				GCC_DYNAMIC_NO_PIC = NO;
				GCC_NO_COMMON_BLOCKS = YES;
				GCC_OPTIMIZATION_LEVEL = 0;
				GCC_PREPROCESSOR_DEFINITIONS = (
					"DEBUG=1",
					"$(inherited)",
				);
				GCC_WARN_64_TO_32_BIT_CONVERSION = YES;
				GCC_WARN_ABOUT_RETURN_TYPE = YES_ERROR;
				GCC_WARN_UNDECLARED_SELECTOR = YES;
				GCC_WARN_UNINITIALIZED_AUTOS = YES_AGGRESSIVE;
				GCC_WARN_UNUSED_FUNCTION = YES;
				GCC_WARN_UNUSED_VARIABLE = YES;
				IPHONEOS_DEPLOYMENT_TARGET = 9.3;
				MTL_ENABLE_DEBUG_INFO = YES;
				ONLY_ACTIVE_ARCH = YES;
				SDKROOT = iphoneos;
			};
			name = Debug;
		};
		87DB5C851D3216D9001541B0 /* Release */ = {
			isa = XCBuildConfiguration;
			buildSettings = {
				ALWAYS_SEARCH_USER_PATHS = NO;
				CLANG_ANALYZER_NONNULL = YES;
				CLANG_CXX_LANGUAGE_STANDARD = "gnu++0x";
				CLANG_CXX_LIBRARY = "libc++";
				CLANG_ENABLE_MODULES = YES;
				CLANG_ENABLE_OBJC_ARC = YES;
				CLANG_WARN_BOOL_CONVERSION = YES;
				CLANG_WARN_CONSTANT_CONVERSION = YES;
				CLANG_WARN_DIRECT_OBJC_ISA_USAGE = YES_ERROR;
				CLANG_WARN_EMPTY_BODY = YES;
				CLANG_WARN_ENUM_CONVERSION = YES;
				CLANG_WARN_INT_CONVERSION = YES;
				CLANG_WARN_OBJC_ROOT_CLASS = YES_ERROR;
				CLANG_WARN_UNREACHABLE_CODE = YES;
				CLANG_WARN__DUPLICATE_METHOD_MATCH = YES;
				"CODE_SIGN_IDENTITY[sdk=iphoneos*]" = "iPhone Developer";
				COPY_PHASE_STRIP = NO;
				DEBUG_INFORMATION_FORMAT = "dwarf-with-dsym";
				ENABLE_NS_ASSERTIONS = NO;
				ENABLE_STRICT_OBJC_MSGSEND = YES;
				GCC_C_LANGUAGE_STANDARD = gnu99;
				GCC_NO_COMMON_BLOCKS = YES;
				GCC_WARN_64_TO_32_BIT_CONVERSION = YES;
				GCC_WARN_ABOUT_RETURN_TYPE = YES_ERROR;
				GCC_WARN_UNDECLARED_SELECTOR = YES;
				GCC_WARN_UNINITIALIZED_AUTOS = YES_AGGRESSIVE;
				GCC_WARN_UNUSED_FUNCTION = YES;
				GCC_WARN_UNUSED_VARIABLE = YES;
				IPHONEOS_DEPLOYMENT_TARGET = 9.3;
				MTL_ENABLE_DEBUG_INFO = NO;
				SDKROOT = iphoneos;
				VALIDATE_PRODUCT = YES;
			};
			name = Release;
		};
		87DB5C871D3216D9001541B0 /* Debug */ = {
			isa = XCBuildConfiguration;
			baseConfigurationReference = 8DAA8EA915DCA99AB5B31582 /* Pods-PYQFeedDemo.debug.xcconfig */;
			buildSettings = {
				ASSETCATALOG_COMPILER_APPICON_NAME = AppIcon;
				ASSETCATALOG_COMPILER_LAUNCHIMAGE_NAME = LaunchImage;
				CODE_SIGN_IDENTITY = "iPhone Developer";
				"CODE_SIGN_IDENTITY[sdk=iphoneos*]" = "iPhone Developer";
				GCC_PREFIX_HEADER = "$(SRCROOT)/PYQFeedDemo/PYQFeedDemo-Prefix.pch";
				INFOPLIST_FILE = PYQFeedDemo/Info.plist;
				IPHONEOS_DEPLOYMENT_TARGET = 7.1;
				LD_RUNPATH_SEARCH_PATHS = "$(inherited) @executable_path/Frameworks";
				PRODUCT_BUNDLE_IDENTIFIER = com.luoo.PYQFeedDemo;
				PRODUCT_NAME = "$(TARGET_NAME)";
				PROVISIONING_PROFILE = "";
			};
			name = Debug;
		};
		87DB5C881D3216D9001541B0 /* Release */ = {
			isa = XCBuildConfiguration;
			baseConfigurationReference = 3E15CCD32379D9867D13393F /* Pods-PYQFeedDemo.release.xcconfig */;
			buildSettings = {
				ASSETCATALOG_COMPILER_APPICON_NAME = AppIcon;
				ASSETCATALOG_COMPILER_LAUNCHIMAGE_NAME = LaunchImage;
				CODE_SIGN_IDENTITY = "iPhone Developer";
				"CODE_SIGN_IDENTITY[sdk=iphoneos*]" = "iPhone Developer";
				GCC_PREFIX_HEADER = "$(SRCROOT)/PYQFeedDemo/PYQFeedDemo-Prefix.pch";
				INFOPLIST_FILE = PYQFeedDemo/Info.plist;
				IPHONEOS_DEPLOYMENT_TARGET = 7.1;
				LD_RUNPATH_SEARCH_PATHS = "$(inherited) @executable_path/Frameworks";
				PRODUCT_BUNDLE_IDENTIFIER = com.luoo.PYQFeedDemo;
				PRODUCT_NAME = "$(TARGET_NAME)";
				PROVISIONING_PROFILE = "";
			};
			name = Release;
		};
/* End XCBuildConfiguration section */

/* Begin XCConfigurationList section */
		87DB5C6A1D3216D9001541B0 /* Build configuration list for PBXProject "PYQFeedDemo" */ = {
			isa = XCConfigurationList;
			buildConfigurations = (
				87DB5C841D3216D9001541B0 /* Debug */,
				87DB5C851D3216D9001541B0 /* Release */,
			);
			defaultConfigurationIsVisible = 0;
			defaultConfigurationName = Release;
		};
		87DB5C861D3216D9001541B0 /* Build configuration list for PBXNativeTarget "PYQFeedDemo" */ = {
			isa = XCConfigurationList;
			buildConfigurations = (
				87DB5C871D3216D9001541B0 /* Debug */,
				87DB5C881D3216D9001541B0 /* Release */,
			);
			defaultConfigurationIsVisible = 0;
			defaultConfigurationName = Release;
		};
/* End XCConfigurationList section */
	};
	rootObject = 87DB5C671D3216D9001541B0 /* Project object */;
}
